
Microsoft Visual Studio Solution File, Format Version 12.00
# Visual Studio Version 17
VisualStudioVersion = 17.1.32228.430
MinimumVisualStudioVersion = 10.0.40219.1
Project("{FAE04EC0-301F-11D3-BF4B-00C04F79EFBC}") = "DigiTrade.Invoicing", "DigiTrade.Invoicing\DigiTrade.Invoicing.csproj", "{743B794C-8A75-4443-8F37-A315EBCEE7B2}"
EndProject
Global
	GlobalSection(SolutionConfigurationPlatforms) = preSolution
		Debug|Any CPU = Debug|Any CPU
		Release|Any CPU = Release|Any CPU
	EndGlobalSection
	GlobalSection(ProjectConfigurationPlatforms) = postSolution
		{743B794C-8A75-4443-8F37-A315EBCEE7B2}.Debug|Any CPU.ActiveCfg = Debug|Any CPU
		{743B794C-8A75-4443-8F37-A315EBCEE7B2}.Debug|Any CPU.Build.0 = Debug|Any CPU
		{743B794C-8A75-4443-8F37-A315EBCEE7B2}.Release|Any CPU.ActiveCfg = Release|Any CPU
		{743B794C-8A75-4443-8F37-A315EBCEE7B2}.Release|Any CPU.Build.0 = Release|Any CPU
	EndGlobalSection
	GlobalSection(SolutionProperties) = preSolution
		HideSolutionNode = FALSE
	EndGlobalSection
	GlobalSection(ExtensibilityGlobals) = postSolution
		SolutionGuid = {4928CADE-A608-44FC-8C22-9E00446E0E1E}
	EndGlobalSection
EndGlobal
